// !$*UTF8*$!
{
	archiveVersion = 1;
	classes = {
	};
	objectVersion = 55;
	objects = {

/* Begin PBXBuildFile section */
		DCC4D6DF290E44C400B78C94 /* ShoppingAppUIApp.swift in Sources */ = {isa = PBXBuildFile; fileRef = DCC4D6DE290E44C400B78C94 /* ShoppingAppUIApp.swift */; };
		DCC4D6E1290E44C400B78C94 /* ContentView.swift in Sources */ = {isa = PBXBuildFile; fileRef = DCC4D6E0290E44C400B78C94 /* ContentView.swift */; };
		DCC4D6E3290E44C500B78C94 /* Assets.xcassets in Resources */ = {isa = PBXBuildFile; fileRef = DCC4D6E2290E44C500B78C94 /* Assets.xcassets */; };
		DCC4D6E6290E44C500B78C94 /* Preview Assets.xcassets in Resources */ = {isa = PBXBuildFile; fileRef = DCC4D6E5290E44C500B78C94 /* Preview Assets.xcassets */; };
		DCC4D6EF290E461D00B78C94 /* OnboardingScreenView.swift in Sources */ = {isa = PBXBuildFile; fileRef = DCC4D6EE290E461D00B78C94 /* OnboardingScreenView.swift */; };
		DCC4D6F2290E464F00B78C94 /* HomeScreen.swift in Sources */ = {isa = PBXBuildFile; fileRef = DCC4D6F1290E464F00B78C94 /* HomeScreen.swift */; };
		DCC4D6F5290E4C6F00B78C94 /* ImageData.swift in Sources */ = {isa = PBXBuildFile; fileRef = DCC4D6F4290E4C6F00B78C94 /* ImageData.swift */; };
		DCC4D6F7290E4C8700B78C94 /* NearYouData.swift in Sources */ = {isa = PBXBuildFile; fileRef = DCC4D6F6290E4C8700B78C94 /* NearYouData.swift */; };
		DCC4D6F9290E4E2400B78C94 /* FruitCardView.swift in Sources */ = {isa = PBXBuildFile; fileRef = DCC4D6F8290E4E2400B78C94 /* FruitCardView.swift */; };
/* End PBXBuildFile section */

/* Begin PBXFileReference section */
		DCC4D6DB290E44C400B78C94 /* ShoppingAppUI.app */ = {isa = PBXFileReference; explicitFileType = wrapper.application; includeInIndex = 0; path = ShoppingAppUI.app; sourceTree = BUILT_PRODUCTS_DIR; };
		DCC4D6DE290E44C400B78C94 /* ShoppingAppUIApp.swift */ = {isa = PBXFileReference; lastKnownFileType = sourcecode.swift; path = ShoppingAppUIApp.swift; sourceTree = "<group>"; };
		DCC4D6E0290E44C400B78C94 /* ContentView.swift */ = {isa = PBXFileReference; lastKnownFileType = sourcecode.swift; path = ContentView.swift; sourceTree = "<group>"; };
		DCC4D6E2290E44C500B78C94 /* Assets.xcassets */ = {isa = PBXFileReference; lastKnownFileType = folder.assetcatalog; path = Assets.xcassets; sourceTree = "<group>"; };
		DCC4D6E5290E44C500B78C94 /* Preview Assets.xcassets */ = {isa = PBXFileReference; lastKnownFileType = folder.assetcatalog; path = "Preview Assets.xcassets"; sourceTree = "<group>"; };
		DCC4D6EE290E461D00B78C94 /* OnboardingScreenView.swift */ = {isa = PBXFileReference; lastKnownFileType = sourcecode.swift; path = OnboardingScreenView.swift; sourceTree = "<group>"; };
		DCC4D6F1290E464F00B78C94 /* HomeScreen.swift */ = {isa = PBXFileReference; lastKnownFileType = sourcecode.swift; path = HomeScreen.swift; sourceTree = "<group>"; };
		DCC4D6F4290E4C6F00B78C94 /* ImageData.swift */ = {isa = PBXFileReference; lastKnownFileType = sourcecode.swift; path = ImageData.swift; sourceTree = "<group>"; };
		DCC4D6F6290E4C8700B78C94 /* NearYouData.swift */ = {isa = PBXFileReference; lastKnownFileType = sourcecode.swift; path = NearYouData.swift; sourceTree = "<group>"; };
		DCC4D6F8290E4E2400B78C94 /* FruitCardView.swift */ = {isa = PBXFileReference; lastKnownFileType = sourcecode.swift; path = FruitCardView.swift; sourceTree = "<group>"; };
/* End PBXFileReference section */

/* Begin PBXFrameworksBuildPhase section */
		DCC4D6D8290E44C400B78C94 /* Frameworks */ = {
			isa = PBXFrameworksBuildPhase;
			buildActionMask = 2147483647;
			files = (
			);
			runOnlyForDeploymentPostprocessing = 0;
		};
/* End PBXFrameworksBuildPhase section */

/* Begin PBXGroup section */
		DCC4D6D2290E44C400B78C94 = {
			isa = PBXGroup;
			children = (
				DCC4D6DD290E44C400B78C94 /* ShoppingAppUI */,
				DCC4D6DC290E44C400B78C94 /* Products */,
			);
			sourceTree = "<group>";
		};
		DCC4D6DC290E44C400B78C94 /* Products */ = {
			isa = PBXGroup;
			children = (
				DCC4D6DB290E44C400B78C94 /* ShoppingAppUI.app */,
			);
			name = Products;
			sourceTree = "<group>";
		};
		DCC4D6DD290E44C400B78C94 /* ShoppingAppUI */ = {
			isa = PBXGroup;
			children = (
				DCC4D6F3290E4C6500B78C94 /* Model */,
				DCC4D6EC290E460800B78C94 /* Views */,
				DCC4D6DE290E44C400B78C94 /* ShoppingAppUIApp.swift */,
				DCC4D6E0290E44C400B78C94 /* ContentView.swift */,
				DCC4D6E2290E44C500B78C94 /* Assets.xcassets */,
				DCC4D6E4290E44C500B78C94 /* Preview Content */,
			);
			path = ShoppingAppUI;
			sourceTree = "<group>";
		};
		DCC4D6E4290E44C500B78C94 /* Preview Content */ = {
			isa = PBXGroup;
			children = (
				DCC4D6E5290E44C500B78C94 /* Preview Assets.xcassets */,
			);
			path = "Preview Content";
			sourceTree = "<group>";
		};
		DCC4D6EC290E460800B78C94 /* Views */ = {
			isa = PBXGroup;
			children = (
				DCC4D6F0290E463800B78C94 /* HomeScreen */,
				DCC4D6ED290E460D00B78C94 /* Onboarding */,
			);
			path = Views;
			sourceTree = "<group>";
		};
		DCC4D6ED290E460D00B78C94 /* Onboarding */ = {
			isa = PBXGroup;
			children = (
				DCC4D6EE290E461D00B78C94 /* OnboardingScreenView.swift */,
			);
			path = Onboarding;
			sourceTree = "<group>";
		};
		DCC4D6F0290E463800B78C94 /* HomeScreen */ = {
			isa = PBXGroup;
			children = (
				DCC4D6F1290E464F00B78C94 /* HomeScreen.swift */,
				DCC4D6F8290E4E2400B78C94 /* FruitCardView.swift */,
			);
			path = HomeScreen;
			sourceTree = "<group>";
		};
		DCC4D6F3290E4C6500B78C94 /* Model */ = {
			isa = PBXGroup;
			children = (
				DCC4D6F4290E4C6F00B78C94 /* ImageData.swift */,
				DCC4D6F6290E4C8700B78C94 /* NearYouData.swift */,
			);
			path = Model;
			sourceTree = "<group>";
		};
/* End PBXGroup section */

/* Begin PBXNativeTarget section */
		DCC4D6DA290E44C400B78C94 /* ShoppingAppUI */ = {
			isa = PBXNativeTarget;
			buildConfigurationList = DCC4D6E9290E44C500B78C94 /* Build configuration list for PBXNativeTarget "ShoppingAppUI" */;
			buildPhases = (
				DCC4D6D7290E44C400B78C94 /* Sources */,
				DCC4D6D8290E44C400B78C94 /* Frameworks */,
				DCC4D6D9290E44C400B78C94 /* Resources */,
			);
			buildRules = (
			);
			dependencies = (
			);
			name = ShoppingAppUI;
			productName = ShoppingAppUI;
			productReference = DCC4D6DB290E44C400B78C94 /* ShoppingAppUI.app */;
			productType = "com.apple.product-type.application";
		};
/* End PBXNativeTarget section */

/* Begin PBXProject section */
		DCC4D6D3290E44C400B78C94 /* Project object */ = {
			isa = PBXProject;
			attributes = {
				BuildIndependentTargetsInParallel = 1;
				LastSwiftUpdateCheck = 1340;
				LastUpgradeCheck = 1340;
				TargetAttributes = {
					DCC4D6DA290E44C400B78C94 = {
						CreatedOnToolsVersion = 13.4.1;
					};
				};
			};
			buildConfigurationList = DCC4D6D6290E44C400B78C94 /* Build configuration list for PBXProject "ShoppingAppUI" */;
			compatibilityVersion = "Xcode 13.0";
			developmentRegion = en;
			hasScannedForEncodings = 0;
			knownRegions = (
				en,
				Base,
			);
			mainGroup = DCC4D6D2290E44C400B78C94;
			productRefGroup = DCC4D6DC290E44C400B78C94 /* Products */;
			projectDirPath = "";
			projectRoot = "";
			targets = (
				DCC4D6DA290E44C400B78C94 /* ShoppingAppUI */,
			);
		};
/* End PBXProject section */

/* Begin PBXResourcesBuildPhase section */
		DCC4D6D9290E44C400B78C94 /* Resources */ = {
			isa = PBXResourcesBuildPhase;
			buildActionMask = 2147483647;
			files = (
				DCC4D6E6290E44C500B78C94 /* Preview Assets.xcassets in Resources */,
				DCC4D6E3290E44C500B78C94 /* Assets.xcassets in Resources */,
			);
			runOnlyForDeploymentPostprocessing = 0;
		};
/* End PBXResourcesBuildPhase section */

/* Begin PBXSourcesBuildPhase section */
		DCC4D6D7290E44C400B78C94 /* Sources */ = {
			isa = PBXSourcesBuildPhase;
			buildActionMask = 2147483647;
			files = (
				DCC4D6F2290E464F00B78C94 /* HomeScreen.swift in Sources */,
				DCC4D6F7290E4C8700B78C94 /* NearYouData.swift in Sources */,
				DCC4D6E1290E44C400B78C94 /* ContentView.swift in Sources */,
				DCC4D6EF290E461D00B78C94 /* OnboardingScreenView.swift in Sources */,
				DCC4D6F9290E4E2400B78C94 /* FruitCardView.swift in Sources */,
				DCC4D6F5290E4C6F00B78C94 /* ImageData.swift in Sources */,
				DCC4D6DF290E44C400B78C94 /* ShoppingAppUIApp.swift in Sources */,
			);
			runOnlyForDeploymentPostprocessing = 0;
		};
/* End PBXSourcesBuildPhase section */

/* Begin XCBuildConfiguration section */
		DCC4D6E7290E44C500B78C94 /* Debug */ = {
			isa = XCBuildConfiguration;
			buildSettings = {
				ALWAYS_SEARCH_USER_PATHS = NO;
				CLANG_ANALYZER_NONNULL = YES;
				CLANG_ANALYZER_NUMBER_OBJECT_CONVERSION = YES_AGGRESSIVE;
				CLANG_CXX_LANGUAGE_STANDARD = "gnu++17";
				CLANG_ENABLE_MODULES = YES;
				CLANG_ENABLE_OBJC_ARC = YES;
				CLANG_ENABLE_OBJC_WEAK = YES;
				CLANG_WARN_BLOCK_CAPTURE_AUTORELEASING = YES;
				CLANG_WARN_BOOL_CONVERSION = YES;
				CLANG_WARN_COMMA = YES;
				CLANG_WARN_CONSTANT_CONVERSION = YES;
				CLANG_WARN_DEPRECATED_OBJC_IMPLEMENTATIONS = YES;
				CLANG_WARN_DIRECT_OBJC_ISA_USAGE = YES_ERROR;
				CLANG_WARN_DOCUMENTATION_COMMENTS = YES;
				CLANG_WARN_EMPTY_BODY = YES;
				CLANG_WARN_ENUM_CONVERSION = YES;
				CLANG_WARN_INFINITE_RECURSION = YES;
				CLANG_WARN_INT_CONVERSION = YES;
				CLANG_WARN_NON_LITERAL_NULL_CONVERSION = YES;
				CLANG_WARN_OBJC_IMPLICIT_RETAIN_SELF = YES;
				CLANG_WARN_OBJC_LITERAL_CONVERSION = YES;
				CLANG_WARN_OBJC_ROOT_CLASS = YES_ERROR;
				CLANG_WARN_QUOTED_INCLUDE_IN_FRAMEWORK_HEADER = YES;
				CLANG_WARN_RANGE_LOOP_ANALYSIS = YES;
				CLANG_WARN_STRICT_PROTOTYPES = YES;
				CLANG_WARN_SUSPICIOUS_MOVE = YES;
				CLANG_WARN_UNGUARDED_AVAILABILITY = YES_AGGRESSIVE;
				CLANG_WARN_UNREACHABLE_CODE = YES;
				CLANG_WARN__DUPLICATE_METHOD_MATCH = YES;
				COPY_PHASE_STRIP = NO;
				DEBUG_INFORMATION_FORMAT = dwarf;
				ENABLE_STRICT_OBJC_MSGSEND = YES;
				ENABLE_TESTABILITY = YES;
				GCC_C_LANGUAGE_STANDARD = gnu11;
				GCC_DYNAMIC_NO_PIC = NO;
				GCC_NO_COMMON_BLOCKS = YES;
				GCC_OPTIMIZATION_LEVEL = 0;
				GCC_PREPROCESSOR_DEFINITIONS = (
					"DEBUG=1",
					"$(inherited)",
				);
				GCC_WARN_64_TO_32_BIT_CONVERSION = YES;
				GCC_WARN_ABOUT_RETURN_TYPE = YES_ERROR;
				GCC_WARN_UNDECLARED_SELECTOR = YES;
				GCC_WARN_UNINITIALIZED_AUTOS = YES_AGGRESSIVE;
				GCC_WARN_UNUSED_FUNCTION = YES;
				GCC_WARN_UNUSED_VARIABLE = YES;
				IPHONEOS_DEPLOYMENT_TARGET = 15.5;
				MTL_ENABLE_DEBUG_INFO = INCLUDE_SOURCE;
				MTL_FAST_MATH = YES;
				ONLY_ACTIVE_ARCH = YES;
				SDKROOT = iphoneos;
				SWIFT_ACTIVE_COMPILATION_CONDITIONS = DEBUG;
				SWIFT_OPTIMIZATION_LEVEL = "-Onone";
			};
			name = Debug;
		};
		DCC4D6E8290E44C500B78C94 /* Release */ = {
			isa = XCBuildConfiguration;
			buildSettings = {
				ALWAYS_SEARCH_USER_PATHS = NO;
				CLANG_ANALYZER_NONNULL = YES;
				CLANG_ANALYZER_NUMBER_OBJECT_CONVERSION = YES_AGGRESSIVE;
				CLANG_CXX_LANGUAGE_STANDARD = "gnu++17";
				CLANG_ENABLE_MODULES = YES;
				CLANG_ENABLE_OBJC_ARC = YES;
				CLANG_ENABLE_OBJC_WEAK = YES;
				CLANG_WARN_BLOCK_CAPTURE_AUTORELEASING = YES;
				CLANG_WARN_BOOL_CONVERSION = YES;
				CLANG_WARN_COMMA = YES;
				CLANG_WARN_CONSTANT_CONVERSION = YES;
				CLANG_WARN_DEPRECATED_OBJC_IMPLEMENTATIONS = YES;
				CLANG_WARN_DIRECT_OBJC_ISA_USAGE = YES_ERROR;
				CLANG_WARN_DOCUMENTATION_COMMENTS = YES;
				CLANG_WARN_EMPTY_BODY = YES;
				CLANG_WARN_ENUM_CONVERSION = YES;
				CLANG_WARN_INFINITE_RECURSION = YES;
				CLANG_WARN_INT_CONVERSION = YES;
				CLANG_WARN_NON_LITERAL_NULL_CONVERSION = YES;
				CLANG_WARN_OBJC_IMPLICIT_RETAIN_SELF = YES;
				CLANG_WARN_OBJC_LITERAL_CONVERSION = YES;
				CLANG_WARN_OBJC_ROOT_CLASS = YES_ERROR;
				CLANG_WARN_QUOTED_INCLUDE_IN_FRAMEWORK_HEADER = YES;
				CLANG_WARN_RANGE_LOOP_ANALYSIS = YES;
				CLANG_WARN_STRICT_PROTOTYPES = YES;
				CLANG_WARN_SUSPICIOUS_MOVE = YES;
				CLANG_WARN_UNGUARDED_AVAILABILITY = YES_AGGRESSIVE;
				CLANG_WARN_UNREACHABLE_CODE = YES;
				CLANG_WARN__DUPLICATE_METHOD_MATCH = YES;
				COPY_PHASE_STRIP = NO;
				DEBUG_INFORMATION_FORMAT = "dwarf-with-dsym";
				ENABLE_NS_ASSERTIONS = NO;
				ENABLE_STRICT_OBJC_MSGSEND = YES;
				GCC_C_LANGUAGE_STANDARD = gnu11;
				GCC_NO_COMMON_BLOCKS = YES;
				GCC_WARN_64_TO_32_BIT_CONVERSION = YES;
				GCC_WARN_ABOUT_RETURN_TYPE = YES_ERROR;
				GCC_WARN_UNDECLARED_SELECTOR = YES;
				GCC_WARN_UNINITIALIZED_AUTOS = YES_AGGRESSIVE;
				GCC_WARN_UNUSED_FUNCTION = YES;
				GCC_WARN_UNUSED_VARIABLE = YES;
				IPHONEOS_DEPLOYMENT_TARGET = 15.5;
				MTL_ENABLE_DEBUG_INFO = NO;
				MTL_FAST_MATH = YES;
				SDKROOT = iphoneos;
				SWIFT_COMPILATION_MODE = wholemodule;
				SWIFT_OPTIMIZATION_LEVEL = "-O";
				VALIDATE_PRODUCT = YES;
			};
			name = Release;
		};
		DCC4D6EA290E44C500B78C94 /* Debug */ = {
			isa = XCBuildConfiguration;
			buildSettings = {
				ASSETCATALOG_COMPILER_APPICON_NAME = AppIcon;
				ASSETCATALOG_COMPILER_GLOBAL_ACCENT_COLOR_NAME = AccentColor;
				CODE_SIGN_STYLE = Automatic;
				CURRENT_PROJECT_VERSION = 1;
				DEVELOPMENT_ASSET_PATHS = "\"ShoppingAppUI/Preview Content\"";
				DEVELOPMENT_TEAM = 5H7QL83244;
				ENABLE_PREVIEWS = YES;
				GENERATE_INFOPLIST_FILE = YES;
				INFOPLIST_KEY_UIApplicationSceneManifest_Generation = YES;
				INFOPLIST_KEY_UIApplicationSupportsIndirectInputEvents = YES;
				INFOPLIST_KEY_UILaunchScreen_Generation = YES;
				INFOPLIST_KEY_UISupportedInterfaceOrientations_iPad = "UIInterfaceOrientationPortrait UIInterfaceOrientationPortraitUpsideDown UIInterfaceOrientationLandscapeLeft UIInterfaceOrientationLandscapeRight";
				INFOPLIST_KEY_UISupportedInterfaceOrientations_iPhone = "UIInterfaceOrientationPortrait UIInterfaceOrientationLandscapeLeft UIInterfaceOrientationLandscapeRight";
				LD_RUNPATH_SEARCH_PATHS = (
					"$(inherited)",
					"@executable_path/Frameworks",
				);
				MARKETING_VERSION = 1.0;
				PRODUCT_BUNDLE_IDENTIFIER = com.ShoppingAppUI;
				PRODUCT_NAME = "$(TARGET_NAME)";
				SWIFT_EMIT_LOC_STRINGS = YES;
				SWIFT_VERSION = 5.0;
				TARGETED_DEVICE_FAMILY = "1,2";
			};
			name = Debug;
		};
		DCC4D6EB290E44C500B78C94 /* Release */ = {
			isa = XCBuildConfiguration;
			buildSettings = {
				ASSETCATALOG_COMPILER_APPICON_NAME = AppIcon;
				ASSETCATALOG_COMPILER_GLOBAL_ACCENT_COLOR_NAME = AccentColor;
				CODE_SIGN_STYLE = Automatic;
				CURRENT_PROJECT_VERSION = 1;
				DEVELOPMENT_ASSET_PATHS = "\"ShoppingAppUI/Preview Content\"";
				DEVELOPMENT_TEAM = 5H7QL83244;
				ENABLE_PREVIEWS = YES;
				GENERATE_INFOPLIST_FILE = YES;
				INFOPLIST_KEY_UIApplicationSceneManifest_Generation = YES;
				INFOPLIST_KEY_UIApplicationSupportsIndirectInputEvents = YES;
				INFOPLIST_KEY_UILaunchScreen_Generation = YES;
				INFOPLIST_KEY_UISupportedInterfaceOrientations_iPad = "UIInterfaceOrientationPortrait UIInterfaceOrientationPortraitUpsideDown UIInterfaceOrientationLandscapeLeft UIInterfaceOrientationLandscapeRight";
				INFOPLIST_KEY_UISupportedInterfaceOrientations_iPhone = "UIInterfaceOrientationPortrait UIInterfaceOrientationLandscapeLeft UIInterfaceOrientationLandscapeRight";
				LD_RUNPATH_SEARCH_PATHS = (
					"$(inherited)",
					"@executable_path/Frameworks",
				);
				MARKETING_VERSION = 1.0;
				PRODUCT_BUNDLE_IDENTIFIER = com.ShoppingAppUI;
				PRODUCT_NAME = "$(TARGET_NAME)";
				SWIFT_EMIT_LOC_STRINGS = YES;
				SWIFT_VERSION = 5.0;
				TARGETED_DEVICE_FAMILY = "1,2";
			};
			name = Release;
		};
/* End XCBuildConfiguration section */

/* Begin XCConfigurationList section */
		DCC4D6D6290E44C400B78C94 /* Build configuration list for PBXProject "ShoppingAppUI" */ = {
			isa = XCConfigurationList;
			buildConfigurations = (
				DCC4D6E7290E44C500B78C94 /* Debug */,
				DCC4D6E8290E44C500B78C94 /* Release */,
			);
			defaultConfigurationIsVisible = 0;
			defaultConfigurationName = Release;
		};
		DCC4D6E9290E44C500B78C94 /* Build configuration list for PBXNativeTarget "ShoppingAppUI" */ = {
			isa = XCConfigurationList;
			buildConfigurations = (
				DCC4D6EA290E44C500B78C94 /* Debug */,
				DCC4D6EB290E44C500B78C94 /* Release */,
			);
			defaultConfigurationIsVisible = 0;
			defaultConfigurationName = Release;
		};
/* End XCConfigurationList section */
	};
	rootObject = DCC4D6D3290E44C400B78C94 /* Project object */;
}
